{
  "lock_version": 1,
  "runtime": {
    "id": "openstrata-cy2026-windows-x86_64-py313-core",
    "platform": "cy2026",
    "profile": "core",
    "variant": {
      "os": "windows",
      "arch": "x86_64",
      "abi": {
        "msvc": {
          "toolset": "143"
        }
      },
      "python": "313"
    },
    "digest": "sha256:91b210c3f6cfee690c072b51ab3f34d7ea57e7b69b495e39a65896fd5c109292",
    "source": "mock"
  },
  "python": {
    "version": "3.13.x",
    "abi": "cpython-313-x86_64-windows-msvc",
    "manager": "uv"
  },
  "extensions": [],
  "validation": "pending"
}
